
Microsoft Visual Studio Solution File, Format Version 12.00
# Visual Studio Version 17
VisualStudioVersion = 17.4.33213.308
MinimumVisualStudioVersion = 10.0.40219.1
Project("{FAE04EC0-301F-11D3-BF4B-00C04F79EFBC}") = "CQRSAkademiPlusPostgre", "CQRSAkademiPlusPostgre\CQRSAkademiPlusPostgre.csproj", "{2347F5DF-1033-4452-984D-7CA09D3384C4}"
EndProject
Global
	GlobalSection(SolutionConfigurationPlatforms) = preSolution
		Debug|Any CPU = Debug|Any CPU
		Release|Any CPU = Release|Any CPU
	EndGlobalSection
	GlobalSection(ProjectConfigurationPlatforms) = postSolution
		{2347F5DF-1033-4452-984D-7CA09D3384C4}.Debug|Any CPU.ActiveCfg = Debug|Any CPU
		{2347F5DF-1033-4452-984D-7CA09D3384C4}.Debug|Any CPU.Build.0 = Debug|Any CPU
		{2347F5DF-1033-4452-984D-7CA09D3384C4}.Release|Any CPU.ActiveCfg = Release|Any CPU
		{2347F5DF-1033-4452-984D-7CA09D3384C4}.Release|Any CPU.Build.0 = Release|Any CPU
	EndGlobalSection
	GlobalSection(SolutionProperties) = preSolution
		HideSolutionNode = FALSE
	EndGlobalSection
	GlobalSection(ExtensibilityGlobals) = postSolution
		SolutionGuid = {EBCB320E-64CE-49ED-98F2-7B989E7567E8}
	EndGlobalSection
EndGlobal
